# THIS IS AN AUTOGENERATED FILE. DO NOT EDIT THIS FILE DIRECTLY.
# yarn lockfile v1


tinymce@6:
  version "6.5.1"
  resolved "https://registry.yarnpkg.com/tinymce/-/tinymce-6.5.1.tgz#f228bf2dc1abf28565523f359b849dad1706357d"
  integrity sha512-J67fxJiX3tjvVqer1dg1+cOxMeE2P55ESGhaakvqGPbAUU45HnCMLSioaOsxV1KfcXustw9WJo0rtn1SNQlVKQ==
